
Microsoft Visual Studio Solution File, Format Version 12.00
# Visual Studio Version 17
VisualStudioVersion = 17.11.35303.130
MinimumVisualStudioVersion = 10.0.40219.1
Project("{FAE04EC0-301F-11D3-BF4B-00C04F79EFBC}") = "EShopService", "EShopService\EShopService.csproj", "{C712ECC4-2AB1-48D9-8126-F65B7D0F9796}"
EndProject
Project("{FAE04EC0-301F-11D3-BF4B-00C04F79EFBC}") = "EShop.Application", "EShop.Application\EShop.Application.csproj", "{D0F72D3C-4C08-42AB-8B71-9044DC1A3E7F}"
EndProject
Project("{FAE04EC0-301F-11D3-BF4B-00C04F79EFBC}") = "EShopApplication.Tests", "EShopApplication.Tests\EShopApplication.Tests.csproj", "{4359A4A2-C6C9-4C96-A2F1-0FDB6EDCE9BE}"
EndProject
Project("{FAE04EC0-301F-11D3-BF4B-00C04F79EFBC}") = "EShop.Domain", "EShop.Domain\EShop.Domain.csproj", "{3C8A142A-1224-4D3B-BBFF-C42F800990A2}"
EndProject
Project("{FAE04EC0-301F-11D3-BF4B-00C04F79EFBC}") = "Eshop.Domain.Tests", "Eshop.Domain.Tests\Eshop.Domain.Tests.csproj", "{4F176DB7-CC04-4FB7-A63D-02320E8A52E2}"
EndProject
Global
	GlobalSection(SolutionConfigurationPlatforms) = preSolution
		Debug|Any CPU = Debug|Any CPU
		Release|Any CPU = Release|Any CPU
	EndGlobalSection
	GlobalSection(ProjectConfigurationPlatforms) = postSolution
		{C712ECC4-2AB1-48D9-8126-F65B7D0F9796}.Debug|Any CPU.ActiveCfg = Debug|Any CPU
		{C712ECC4-2AB1-48D9-8126-F65B7D0F9796}.Debug|Any CPU.Build.0 = Debug|Any CPU
		{C712ECC4-2AB1-48D9-8126-F65B7D0F9796}.Release|Any CPU.ActiveCfg = Release|Any CPU
		{C712ECC4-2AB1-48D9-8126-F65B7D0F9796}.Release|Any CPU.Build.0 = Release|Any CPU
		{D0F72D3C-4C08-42AB-8B71-9044DC1A3E7F}.Debug|Any CPU.ActiveCfg = Debug|Any CPU
		{D0F72D3C-4C08-42AB-8B71-9044DC1A3E7F}.Debug|Any CPU.Build.0 = Debug|Any CPU
		{D0F72D3C-4C08-42AB-8B71-9044DC1A3E7F}.Release|Any CPU.ActiveCfg = Release|Any CPU
		{D0F72D3C-4C08-42AB-8B71-9044DC1A3E7F}.Release|Any CPU.Build.0 = Release|Any CPU
		{4359A4A2-C6C9-4C96-A2F1-0FDB6EDCE9BE}.Debug|Any CPU.ActiveCfg = Debug|Any CPU
		{4359A4A2-C6C9-4C96-A2F1-0FDB6EDCE9BE}.Debug|Any CPU.Build.0 = Debug|Any CPU
		{4359A4A2-C6C9-4C96-A2F1-0FDB6EDCE9BE}.Release|Any CPU.ActiveCfg = Release|Any CPU
		{4359A4A2-C6C9-4C96-A2F1-0FDB6EDCE9BE}.Release|Any CPU.Build.0 = Release|Any CPU
		{3C8A142A-1224-4D3B-BBFF-C42F800990A2}.Debug|Any CPU.ActiveCfg = Debug|Any CPU
		{3C8A142A-1224-4D3B-BBFF-C42F800990A2}.Debug|Any CPU.Build.0 = Debug|Any CPU
		{3C8A142A-1224-4D3B-BBFF-C42F800990A2}.Release|Any CPU.ActiveCfg = Release|Any CPU
		{3C8A142A-1224-4D3B-BBFF-C42F800990A2}.Release|Any CPU.Build.0 = Release|Any CPU
		{4F176DB7-CC04-4FB7-A63D-02320E8A52E2}.Debug|Any CPU.ActiveCfg = Debug|Any CPU
		{4F176DB7-CC04-4FB7-A63D-02320E8A52E2}.Debug|Any CPU.Build.0 = Debug|Any CPU
		{4F176DB7-CC04-4FB7-A63D-02320E8A52E2}.Release|Any CPU.ActiveCfg = Release|Any CPU
		{4F176DB7-CC04-4FB7-A63D-02320E8A52E2}.Release|Any CPU.Build.0 = Release|Any CPU
	EndGlobalSection
	GlobalSection(SolutionProperties) = preSolution
		HideSolutionNode = FALSE
	EndGlobalSection
	GlobalSection(ExtensibilityGlobals) = postSolution
		SolutionGuid = {B52BC4B8-AA8F-4CEF-887D-968527E36032}
	EndGlobalSection
EndGlobal
